// !$*UTF8*$!
{
	archiveVersion = 1;
	classes = {
	};
	objectVersion = 77;
	objects = {

/* Begin PBXBuildFile section */
		F1A2B3C4D5E608192A3B0010 /* Supabase in Frameworks */ = {isa = PBXBuildFile; productRef = F1A2B3C4D5E608192A3B0011 /* Supabase */; };
		F1A2B3C4D5E608192A3B003E /* MurmurWidgets.appex in Embed Foundation Extensions */ = {isa = PBXBuildFile; fileRef = F1A2B3C4D5E608192A3B0030 /* MurmurWidgets.appex */; settings = {ATTRIBUTES = (RemoveHeadersOnCopy, ); }; };
/* End PBXBuildFile section */

/* Begin PBXContainerItemProxy section */
		F1A2B3C4D5E608192A3B0027 /* PBXContainerItemProxy */ = {
			isa = PBXContainerItemProxy;
			containerPortal = F1A2B3C4D5E608192A3B0008 /* Project object */;
			proxyType = 1;
			remoteGlobalIDString = F1A2B3C4D5E608192A3B0006;
			remoteInfo = Murmur;
		};
		F1A2B3C4D5E608192A3B0038 /* PBXContainerItemProxy */ = {
			isa = PBXContainerItemProxy;
			containerPortal = F1A2B3C4D5E608192A3B0008 /* Project object */;
			proxyType = 1;
			remoteGlobalIDString = F1A2B3C4D5E608192A3B0032;
			remoteInfo = MurmurWidgets;
		};
/* End PBXContainerItemProxy section */

/* Begin PBXCopyFilesBuildPhase section */
		F1A2B3C4D5E608192A3B0036 /* Embed Foundation Extensions */ = {
			isa = PBXCopyFilesBuildPhase;
			buildActionMask = 2147483647;
			dstPath = "";
			dstSubfolderSpec = 13;
			files = (
				F1A2B3C4D5E608192A3B003E /* MurmurWidgets.appex in Embed Foundation Extensions */,
			);
			name = "Embed Foundation Extensions";
			runOnlyForDeploymentPostprocessing = 0;
		};
/* End PBXCopyFilesBuildPhase section */

/* Begin PBXFileReference section */
		F1A2B3C4D5E608192A3B0001 /* Murmur.app */ = {isa = PBXFileReference; explicitFileType = wrapper.application; includeInIndex = 0; path = Murmur.app; sourceTree = BUILT_PRODUCTS_DIR; };
		F1A2B3C4D5E608192A3B0013 /* Supabase.debug.xcconfig */ = {isa = PBXFileReference; lastKnownFileType = text.xcconfig; path = Supabase.debug.xcconfig; sourceTree = "<group>"; };
		F1A2B3C4D5E608192A3B0014 /* Supabase.release.xcconfig */ = {isa = PBXFileReference; lastKnownFileType = text.xcconfig; path = Supabase.release.xcconfig; sourceTree = "<group>"; };
		F1A2B3C4D5E608192A3B0020 /* MurmurTests.xctest */ = {isa = PBXFileReference; explicitFileType = wrapper.cfbundle; includeInIndex = 0; path = MurmurTests.xctest; sourceTree = BUILT_PRODUCTS_DIR; };
		F1A2B3C4D5E608192A3B0030 /* MurmurWidgets.appex */ = {isa = PBXFileReference; explicitFileType = "wrapper.app-extension"; includeInIndex = 0; path = MurmurWidgets.appex; sourceTree = BUILT_PRODUCTS_DIR; };
/* End PBXFileReference section */

/* Begin PBXFileSystemSynchronizedBuildFileExceptionSet section */
		F1A2B3C4D5E608192A3B0015 /* Exceptions for "Capture" folder in "Murmur" target */ = {
			isa = PBXFileSystemSynchronizedBuildFileExceptionSet;
			membershipExceptions = (
				Info.plist,
			);
			target = F1A2B3C4D5E608192A3B0006 /* Murmur */;
		};
		F1A2B3C4D5E608192A3B003D /* Exceptions for "Widgets" folder in "MurmurWidgets" target */ = {
			isa = PBXFileSystemSynchronizedBuildFileExceptionSet;
			membershipExceptions = (
				Info.plist,
			);
			target = F1A2B3C4D5E608192A3B0032 /* MurmurWidgets */;
		};
/* End PBXFileSystemSynchronizedBuildFileExceptionSet section */

/* Begin PBXFileSystemSynchronizedRootGroup section */
		F1A2B3C4D5E608192A3B0002 /* Capture */ = {
			isa = PBXFileSystemSynchronizedRootGroup;
			exceptions = (
				F1A2B3C4D5E608192A3B0015 /* Exceptions for "Capture" folder in "Murmur" target */,
			);
			path = Capture;
			sourceTree = "<group>";
		};
		F1A2B3C4D5E608192A3B0021 /* MurmurTests */ = {
			isa = PBXFileSystemSynchronizedRootGroup;
			path = MurmurTests;
			sourceTree = "<group>";
		};
		F1A2B3C4D5E608192A3B0031 /* Widgets */ = {
			isa = PBXFileSystemSynchronizedRootGroup;
			exceptions = (
				F1A2B3C4D5E608192A3B003D /* Exceptions for "Widgets" folder in "MurmurWidgets" target */,
			);
			path = Widgets;
			sourceTree = "<group>";
		};
		F1A2B3C4D5E608192A3B003C /* Shared */ = {
			isa = PBXFileSystemSynchronizedRootGroup;
			path = Shared;
			sourceTree = "<group>";
		};
/* End PBXFileSystemSynchronizedRootGroup section */

/* Begin PBXFrameworksBuildPhase section */
		F1A2B3C4D5E608192A3B0003 /* Frameworks */ = {
			isa = PBXFrameworksBuildPhase;
			buildActionMask = 2147483647;
			files = (
				F1A2B3C4D5E608192A3B0010 /* Supabase in Frameworks */,
			);
			runOnlyForDeploymentPostprocessing = 0;
		};
		F1A2B3C4D5E608192A3B0024 /* Frameworks */ = {
			isa = PBXFrameworksBuildPhase;
			buildActionMask = 2147483647;
			files = (
			);
			runOnlyForDeploymentPostprocessing = 0;
		};
		F1A2B3C4D5E608192A3B0033 /* Frameworks */ = {
			isa = PBXFrameworksBuildPhase;
			buildActionMask = 2147483647;
			files = (
			);
			runOnlyForDeploymentPostprocessing = 0;
		};
/* End PBXFrameworksBuildPhase section */

/* Begin PBXGroup section */
		F1A2B3C4D5E608192A3B0004 = {
			isa = PBXGroup;
			children = (
				F1A2B3C4D5E608192A3B0002 /* Capture */,
				F1A2B3C4D5E608192A3B003C /* Shared */,
				F1A2B3C4D5E608192A3B0031 /* Widgets */,
				F1A2B3C4D5E608192A3B0021 /* MurmurTests */,
				F1A2B3C4D5E608192A3B0016 /* Config */,
				F1A2B3C4D5E608192A3B0005 /* Products */,
			);
			sourceTree = "<group>";
		};
		F1A2B3C4D5E608192A3B0005 /* Products */ = {
			isa = PBXGroup;
			children = (
				F1A2B3C4D5E608192A3B0001 /* Murmur.app */,
				F1A2B3C4D5E608192A3B0020 /* MurmurTests.xctest */,
				F1A2B3C4D5E608192A3B0030 /* MurmurWidgets.appex */,
			);
			name = Products;
			sourceTree = "<group>";
		};
		F1A2B3C4D5E608192A3B0016 /* Config */ = {
			isa = PBXGroup;
			children = (
				F1A2B3C4D5E608192A3B0013 /* Supabase.debug.xcconfig */,
				F1A2B3C4D5E608192A3B0014 /* Supabase.release.xcconfig */,
			);
			path = Config;
			sourceTree = "<group>";
		};
/* End PBXGroup section */

/* Begin PBXNativeTarget section */
		F1A2B3C4D5E608192A3B0006 /* Murmur */ = {
			isa = PBXNativeTarget;
			buildConfigurationList = F1A2B3C4D5E608192A3B0007 /* Build configuration list for PBXNativeTarget "Murmur" */;
			buildPhases = (
				F1A2B3C4D5E608192A3B000A /* Sources */,
				F1A2B3C4D5E608192A3B0003 /* Frameworks */,
				F1A2B3C4D5E608192A3B000B /* Resources */,
				F1A2B3C4D5E608192A3B0036 /* Embed Foundation Extensions */,
			);
			buildRules = (
			);
			dependencies = (
				F1A2B3C4D5E608192A3B0037 /* PBXTargetDependency */,
			);
			fileSystemSynchronizedGroups = (
				F1A2B3C4D5E608192A3B0002 /* Capture */,
				F1A2B3C4D5E608192A3B003C /* Shared */,
			);
			name = Murmur;
			packageProductDependencies = (
				F1A2B3C4D5E608192A3B0011 /* Supabase */,
			);
			productName = Murmur;
			productReference = F1A2B3C4D5E608192A3B0001 /* Murmur.app */;
			productType = "com.apple.product-type.application";
		};
		F1A2B3C4D5E608192A3B0022 /* MurmurTests */ = {
			isa = PBXNativeTarget;
			buildConfigurationList = F1A2B3C4D5E608192A3B002A /* Build configuration list for PBXNativeTarget "MurmurTests" */;
			buildPhases = (
				F1A2B3C4D5E608192A3B0023 /* Sources */,
				F1A2B3C4D5E608192A3B0024 /* Frameworks */,
				F1A2B3C4D5E608192A3B0025 /* Resources */,
			);
			buildRules = (
			);
			dependencies = (
				F1A2B3C4D5E608192A3B0026 /* PBXTargetDependency */,
			);
			fileSystemSynchronizedGroups = (
				F1A2B3C4D5E608192A3B0021 /* MurmurTests */,
			);
			name = MurmurTests;
			packageProductDependencies = (
			);
			productName = MurmurTests;
			productReference = F1A2B3C4D5E608192A3B0020 /* MurmurTests.xctest */;
			productType = "com.apple.product-type.bundle.unit-test";
		};
		F1A2B3C4D5E608192A3B0032 /* MurmurWidgets */ = {
			isa = PBXNativeTarget;
			buildConfigurationList = F1A2B3C4D5E608192A3B003B /* Build configuration list for PBXNativeTarget "MurmurWidgets" */;
			buildPhases = (
				F1A2B3C4D5E608192A3B0034 /* Sources */,
				F1A2B3C4D5E608192A3B0033 /* Frameworks */,
				F1A2B3C4D5E608192A3B0035 /* Resources */,
			);
			buildRules = (
			);
			dependencies = (
			);
			fileSystemSynchronizedGroups = (
				F1A2B3C4D5E608192A3B0031 /* Widgets */,
				F1A2B3C4D5E608192A3B003C /* Shared */,
			);
			name = MurmurWidgets;
			packageProductDependencies = (
			);
			productName = MurmurWidgets;
			productReference = F1A2B3C4D5E608192A3B0030 /* MurmurWidgets.appex */;
			productType = "com.apple.product-type.app-extension";
		};
/* End PBXNativeTarget section */

/* Begin PBXProject section */
		F1A2B3C4D5E608192A3B0008 /* Project object */ = {
			isa = PBXProject;
			attributes = {
				BuildIndependentTargetsInParallel = 1;
				LastSwiftUpdateCheck = 2640;
				LastUpgradeCheck = 2640;
				TargetAttributes = {
					F1A2B3C4D5E608192A3B0006 = {
						CreatedOnToolsVersion = 26.4;
						SystemCapabilities = {
							com.apple.Push = {
								enabled = 0;
							};
							com.apple.SignInWithApple = {
								enabled = 1;
							};
							com.apple.iCloud = {
								enabled = 0;
							};
						};
					};
					F1A2B3C4D5E608192A3B0022 = {
						CreatedOnToolsVersion = 26.4;
						TestTargetID = F1A2B3C4D5E608192A3B0006;
					};
					F1A2B3C4D5E608192A3B0032 = {
						CreatedOnToolsVersion = 26.4;
					};
				};
			};
			buildConfigurationList = F1A2B3C4D5E608192A3B0009 /* Build configuration list for PBXProject "Murmur" */;
			developmentRegion = en;
			hasScannedForEncodings = 0;
			knownRegions = (
				en,
				Base,
			);
			mainGroup = F1A2B3C4D5E608192A3B0004;
			minimizedProjectReferenceProxies = 1;
			packageReferences = (
				F1A2B3C4D5E608192A3B0012 /* XCRemoteSwiftPackageReference "supabase-swift" */,
			);
			preferredProjectObjectVersion = 77;
			productRefGroup = F1A2B3C4D5E608192A3B0005 /* Products */;
			projectDirPath = "";
			projectRoot = "";
			targets = (
				F1A2B3C4D5E608192A3B0006 /* Murmur */,
				F1A2B3C4D5E608192A3B0022 /* MurmurTests */,
				F1A2B3C4D5E608192A3B0032 /* MurmurWidgets */,
			);
		};
/* End PBXProject section */

/* Begin PBXResourcesBuildPhase section */
		F1A2B3C4D5E608192A3B000B /* Resources */ = {
			isa = PBXResourcesBuildPhase;
			buildActionMask = 2147483647;
			files = (
			);
			runOnlyForDeploymentPostprocessing = 0;
		};
		F1A2B3C4D5E608192A3B0025 /* Resources */ = {
			isa = PBXResourcesBuildPhase;
			buildActionMask = 2147483647;
			files = (
			);
			runOnlyForDeploymentPostprocessing = 0;
		};
		F1A2B3C4D5E608192A3B0035 /* Resources */ = {
			isa = PBXResourcesBuildPhase;
			buildActionMask = 2147483647;
			files = (
			);
			runOnlyForDeploymentPostprocessing = 0;
		};
/* End PBXResourcesBuildPhase section */

/* Begin PBXSourcesBuildPhase section */
		F1A2B3C4D5E608192A3B000A /* Sources */ = {
			isa = PBXSourcesBuildPhase;
			buildActionMask = 2147483647;
			files = (
			);
			runOnlyForDeploymentPostprocessing = 0;
		};
		F1A2B3C4D5E608192A3B0023 /* Sources */ = {
			isa = PBXSourcesBuildPhase;
			buildActionMask = 2147483647;
			files = (
			);
			runOnlyForDeploymentPostprocessing = 0;
		};
		F1A2B3C4D5E608192A3B0034 /* Sources */ = {
			isa = PBXSourcesBuildPhase;
			buildActionMask = 2147483647;
			files = (
			);
			runOnlyForDeploymentPostprocessing = 0;
		};
/* End PBXSourcesBuildPhase section */

/* Begin PBXTargetDependency section */
		F1A2B3C4D5E608192A3B0026 /* PBXTargetDependency */ = {
			isa = PBXTargetDependency;
			target = F1A2B3C4D5E608192A3B0006 /* Murmur */;
			targetProxy = F1A2B3C4D5E608192A3B0027 /* PBXContainerItemProxy */;
		};
		F1A2B3C4D5E608192A3B0037 /* PBXTargetDependency */ = {
			isa = PBXTargetDependency;
			target = F1A2B3C4D5E608192A3B0032 /* MurmurWidgets */;
			targetProxy = F1A2B3C4D5E608192A3B0038 /* PBXContainerItemProxy */;
		};
/* End PBXTargetDependency section */

/* Begin XCBuildConfiguration section */
		F1A2B3C4D5E608192A3B000C /* Debug */ = {
			isa = XCBuildConfiguration;
			buildSettings = {
				ALWAYS_SEARCH_USER_PATHS = NO;
				ASSETCATALOG_COMPILER_GENERATE_SWIFT_ASSET_SYMBOL_EXTENSIONS = YES;
				CLANG_ENABLE_MODULES = YES;
				CLANG_ENABLE_OBJC_ARC = YES;
				COPY_PHASE_STRIP = NO;
				DEBUG_INFORMATION_FORMAT = dwarf;
				DEVELOPMENT_TEAM = KCKK723R7B;
				ENABLE_STRICT_OBJC_MSGSEND = YES;
				ENABLE_TESTABILITY = YES;
				ENABLE_USER_SCRIPT_SANDBOXING = YES;
				GCC_DYNAMIC_NO_PIC = NO;
				GCC_OPTIMIZATION_LEVEL = 0;
				IPHONEOS_DEPLOYMENT_TARGET = 17.0;
				MTL_ENABLE_DEBUG_INFO = INCLUDE_SOURCE;
				ONLY_ACTIVE_ARCH = YES;
				SDKROOT = iphoneos;
				SWIFT_ACTIVE_COMPILATION_CONDITIONS = "DEBUG $(inherited)";
				SWIFT_OPTIMIZATION_LEVEL = "-Onone";
				SWIFT_VERSION = 6.0;
			};
			name = Debug;
		};
		F1A2B3C4D5E608192A3B000D /* Release */ = {
			isa = XCBuildConfiguration;
			buildSettings = {
				ALWAYS_SEARCH_USER_PATHS = NO;
				ASSETCATALOG_COMPILER_GENERATE_SWIFT_ASSET_SYMBOL_EXTENSIONS = YES;
				CLANG_ENABLE_MODULES = YES;
				CLANG_ENABLE_OBJC_ARC = YES;
				COPY_PHASE_STRIP = NO;
				DEBUG_INFORMATION_FORMAT = "dwarf-with-dsym";
				DEVELOPMENT_TEAM = KCKK723R7B;
				ENABLE_NS_ASSERTIONS = NO;
				ENABLE_STRICT_OBJC_MSGSEND = YES;
				ENABLE_USER_SCRIPT_SANDBOXING = YES;
				IPHONEOS_DEPLOYMENT_TARGET = 17.0;
				MTL_ENABLE_DEBUG_INFO = NO;
				SDKROOT = iphoneos;
				SWIFT_COMPILATION_MODE = wholemodule;
				SWIFT_VERSION = 6.0;
				VALIDATE_PRODUCT = YES;
			};
			name = Release;
		};
		F1A2B3C4D5E608192A3B000E /* Debug */ = {
			isa = XCBuildConfiguration;
			baseConfigurationReference = F1A2B3C4D5E608192A3B0013 /* Supabase.debug.xcconfig */;
			buildSettings = {
				ASSETCATALOG_COMPILER_APPICON_NAME = AppIcon;
				ASSETCATALOG_COMPILER_GLOBAL_ACCENT_COLOR_NAME = AccentColor;
				CODE_SIGN_ENTITLEMENTS = Capture/Murmur.entitlements;
				CODE_SIGN_STYLE = Automatic;
				CURRENT_PROJECT_VERSION = 1;
				DEVELOPMENT_TEAM = KCKK723R7B;
				ENABLE_PREVIEWS = YES;
				GENERATE_INFOPLIST_FILE = YES;
				INFOPLIST_FILE = Capture/Info.plist;
				INFOPLIST_KEY_CFBundleDisplayName = Murmur;
				INFOPLIST_KEY_UIApplicationSceneManifest_Generation = YES;
				INFOPLIST_KEY_UIApplicationSupportsIndirectInputEvents = YES;
				INFOPLIST_KEY_UILaunchScreen_Generation = YES;
				INFOPLIST_KEY_UISupportedInterfaceOrientations = UIInterfaceOrientationPortrait;
				IPHONEOS_DEPLOYMENT_TARGET = 17.0;
				LD_RUNPATH_SEARCH_PATHS = (
					"$(inherited)",
					"@executable_path/Frameworks",
				);
				MARKETING_VERSION = 1.0;
				PRODUCT_BUNDLE_IDENTIFIER = app.murmur.capture;
				PRODUCT_NAME = "$(TARGET_NAME)";
				SUPPORTED_PLATFORMS = "iphoneos iphonesimulator";
				SUPPORTS_MACCATALYST = NO;
				SWIFT_EMIT_LOC_STRINGS = YES;
				SWIFT_VERSION = 6.0;
				TARGETED_DEVICE_FAMILY = 1;
			};
			name = Debug;
		};
		F1A2B3C4D5E608192A3B000F /* Release */ = {
			isa = XCBuildConfiguration;
			baseConfigurationReference = F1A2B3C4D5E608192A3B0014 /* Supabase.release.xcconfig */;
			buildSettings = {
				ASSETCATALOG_COMPILER_APPICON_NAME = AppIcon;
				ASSETCATALOG_COMPILER_GLOBAL_ACCENT_COLOR_NAME = AccentColor;
				CODE_SIGN_ENTITLEMENTS = Capture/Murmur.entitlements;
				CODE_SIGN_STYLE = Automatic;
				CURRENT_PROJECT_VERSION = 1;
				DEVELOPMENT_TEAM = KCKK723R7B;
				ENABLE_PREVIEWS = YES;
				GENERATE_INFOPLIST_FILE = YES;
				INFOPLIST_FILE = Capture/Info.plist;
				INFOPLIST_KEY_CFBundleDisplayName = Murmur;
				INFOPLIST_KEY_UIApplicationSceneManifest_Generation = YES;
				INFOPLIST_KEY_UIApplicationSupportsIndirectInputEvents = YES;
				INFOPLIST_KEY_UILaunchScreen_Generation = YES;
				INFOPLIST_KEY_UISupportedInterfaceOrientations = UIInterfaceOrientationPortrait;
				IPHONEOS_DEPLOYMENT_TARGET = 17.0;
				LD_RUNPATH_SEARCH_PATHS = (
					"$(inherited)",
					"@executable_path/Frameworks",
				);
				MARKETING_VERSION = 1.0;
				PRODUCT_BUNDLE_IDENTIFIER = app.murmur.capture;
				PRODUCT_NAME = "$(TARGET_NAME)";
				SUPPORTED_PLATFORMS = "iphoneos iphonesimulator";
				SUPPORTS_MACCATALYST = NO;
				SWIFT_EMIT_LOC_STRINGS = YES;
				SWIFT_VERSION = 6.0;
				TARGETED_DEVICE_FAMILY = 1;
			};
			name = Release;
		};
		F1A2B3C4D5E608192A3B0028 /* Debug */ = {
			isa = XCBuildConfiguration;
			buildSettings = {
				BUNDLE_LOADER = "$(TEST_HOST)";
				CODE_SIGN_STYLE = Automatic;
				CURRENT_PROJECT_VERSION = 1;
				DEVELOPMENT_TEAM = KCKK723R7B;
				GENERATE_INFOPLIST_FILE = YES;
				IPHONEOS_DEPLOYMENT_TARGET = 17.0;
				LD_RUNPATH_SEARCH_PATHS = (
					"$(inherited)",
					"@executable_path/Frameworks",
					"@loader_path/Frameworks",
				);
				MARKETING_VERSION = 1.0;
				PRODUCT_BUNDLE_IDENTIFIER = app.murmur.capture.tests;
				PRODUCT_NAME = "$(TARGET_NAME)";
				SUPPORTED_PLATFORMS = "iphoneos iphonesimulator";
				SUPPORTS_MACCATALYST = NO;
				SWIFT_EMIT_LOC_STRINGS = NO;
				SWIFT_VERSION = 6.0;
				TARGETED_DEVICE_FAMILY = 1;
				TEST_HOST = "$(BUILT_PRODUCTS_DIR)/Murmur.app/$(BUNDLE_EXECUTABLE_FOLDER_PATH)/Murmur";
			};
			name = Debug;
		};
		F1A2B3C4D5E608192A3B0029 /* Release */ = {
			isa = XCBuildConfiguration;
			buildSettings = {
				BUNDLE_LOADER = "$(TEST_HOST)";
				CODE_SIGN_STYLE = Automatic;
				CURRENT_PROJECT_VERSION = 1;
				DEVELOPMENT_TEAM = KCKK723R7B;
				GENERATE_INFOPLIST_FILE = YES;
				IPHONEOS_DEPLOYMENT_TARGET = 17.0;
				LD_RUNPATH_SEARCH_PATHS = (
					"$(inherited)",
					"@executable_path/Frameworks",
					"@loader_path/Frameworks",
				);
				MARKETING_VERSION = 1.0;
				PRODUCT_BUNDLE_IDENTIFIER = app.murmur.capture.tests;
				PRODUCT_NAME = "$(TARGET_NAME)";
				SUPPORTED_PLATFORMS = "iphoneos iphonesimulator";
				SUPPORTS_MACCATALYST = NO;
				SWIFT_EMIT_LOC_STRINGS = NO;
				SWIFT_VERSION = 6.0;
				TARGETED_DEVICE_FAMILY = 1;
				TEST_HOST = "$(BUILT_PRODUCTS_DIR)/Murmur.app/$(BUNDLE_EXECUTABLE_FOLDER_PATH)/Murmur";
			};
			name = Release;
		};
		F1A2B3C4D5E608192A3B0039 /* Debug */ = {
			isa = XCBuildConfiguration;
			buildSettings = {
				APPLICATION_EXTENSION_API_ONLY = YES;
				CODE_SIGN_ENTITLEMENTS = Widgets/MurmurWidgets.entitlements;
				CODE_SIGN_STYLE = Automatic;
				CURRENT_PROJECT_VERSION = 1;
				DEVELOPMENT_TEAM = KCKK723R7B;
				GENERATE_INFOPLIST_FILE = YES;
				INFOPLIST_FILE = Widgets/Info.plist;
				INFOPLIST_KEY_CFBundleDisplayName = Murmur;
				IPHONEOS_DEPLOYMENT_TARGET = 17.0;
				LD_RUNPATH_SEARCH_PATHS = (
					"$(inherited)",
					"@executable_path/Frameworks",
					"@executable_path/../../Frameworks",
				);
				MARKETING_VERSION = 1.0;
				PRODUCT_BUNDLE_IDENTIFIER = app.murmur.capture.widgets;
				PRODUCT_NAME = "$(TARGET_NAME)";
				SKIP_INSTALL = YES;
				SUPPORTED_PLATFORMS = "iphoneos iphonesimulator";
				SUPPORTS_MACCATALYST = NO;
				SWIFT_EMIT_LOC_STRINGS = YES;
				SWIFT_VERSION = 6.0;
				TARGETED_DEVICE_FAMILY = 1;
			};
			name = Debug;
		};
		F1A2B3C4D5E608192A3B003A /* Release */ = {
			isa = XCBuildConfiguration;
			buildSettings = {
				APPLICATION_EXTENSION_API_ONLY = YES;
				CODE_SIGN_ENTITLEMENTS = Widgets/MurmurWidgets.entitlements;
				CODE_SIGN_STYLE = Automatic;
				CURRENT_PROJECT_VERSION = 1;
				DEVELOPMENT_TEAM = KCKK723R7B;
				GENERATE_INFOPLIST_FILE = YES;
				INFOPLIST_FILE = Widgets/Info.plist;
				INFOPLIST_KEY_CFBundleDisplayName = Murmur;
				IPHONEOS_DEPLOYMENT_TARGET = 17.0;
				LD_RUNPATH_SEARCH_PATHS = (
					"$(inherited)",
					"@executable_path/Frameworks",
					"@executable_path/../../Frameworks",
				);
				MARKETING_VERSION = 1.0;
				PRODUCT_BUNDLE_IDENTIFIER = app.murmur.capture.widgets;
				PRODUCT_NAME = "$(TARGET_NAME)";
				SKIP_INSTALL = YES;
				SUPPORTED_PLATFORMS = "iphoneos iphonesimulator";
				SUPPORTS_MACCATALYST = NO;
				SWIFT_EMIT_LOC_STRINGS = YES;
				SWIFT_VERSION = 6.0;
				TARGETED_DEVICE_FAMILY = 1;
			};
			name = Release;
		};
/* End XCBuildConfiguration section */

/* Begin XCConfigurationList section */
		F1A2B3C4D5E608192A3B0007 /* Build configuration list for PBXNativeTarget "Murmur" */ = {
			isa = XCConfigurationList;
			buildConfigurations = (
				F1A2B3C4D5E608192A3B000E /* Debug */,
				F1A2B3C4D5E608192A3B000F /* Release */,
			);
			defaultConfigurationIsVisible = 0;
			defaultConfigurationName = Release;
		};
		F1A2B3C4D5E608192A3B0009 /* Build configuration list for PBXProject "Murmur" */ = {
			isa = XCConfigurationList;
			buildConfigurations = (
				F1A2B3C4D5E608192A3B000C /* Debug */,
				F1A2B3C4D5E608192A3B000D /* Release */,
			);
			defaultConfigurationIsVisible = 0;
			defaultConfigurationName = Release;
		};
		F1A2B3C4D5E608192A3B002A /* Build configuration list for PBXNativeTarget "MurmurTests" */ = {
			isa = XCConfigurationList;
			buildConfigurations = (
				F1A2B3C4D5E608192A3B0028 /* Debug */,
				F1A2B3C4D5E608192A3B0029 /* Release */,
			);
			defaultConfigurationIsVisible = 0;
			defaultConfigurationName = Release;
		};
		F1A2B3C4D5E608192A3B003B /* Build configuration list for PBXNativeTarget "MurmurWidgets" */ = {
			isa = XCConfigurationList;
			buildConfigurations = (
				F1A2B3C4D5E608192A3B0039 /* Debug */,
				F1A2B3C4D5E608192A3B003A /* Release */,
			);
			defaultConfigurationIsVisible = 0;
			defaultConfigurationName = Release;
		};
/* End XCConfigurationList section */

/* Begin XCRemoteSwiftPackageReference section */
		F1A2B3C4D5E608192A3B0012 /* XCRemoteSwiftPackageReference "supabase-swift" */ = {
			isa = XCRemoteSwiftPackageReference;
			repositoryURL = "https://github.com/supabase/supabase-swift.git";
			requirement = {
				kind = upToNextMajorVersion;
				minimumVersion = 2.55.1;
			};
		};
/* End XCRemoteSwiftPackageReference section */

/* Begin XCSwiftPackageProductDependency section */
		F1A2B3C4D5E608192A3B0011 /* Supabase */ = {
			isa = XCSwiftPackageProductDependency;
			package = F1A2B3C4D5E608192A3B0012 /* XCRemoteSwiftPackageReference "supabase-swift" */;
			productName = Supabase;
		};
/* End XCSwiftPackageProductDependency section */
	};
	rootObject = F1A2B3C4D5E608192A3B0008 /* Project object */;
}
